// !$*UTF8*$!
{
	archiveVersion = 1;
	classes = {
	};
	objectVersion = 77;
	objects = {

/* Begin PBXContainerItemProxy section */
		4CFD2E7C2D4C2B0500A060F4 /* PBXContainerItemProxy */ = {
			isa = PBXContainerItemProxy;
			containerPortal = 4CFD2E632D4C2B0400A060F4 /* Project object */;
			proxyType = 1;
			remoteGlobalIDString = 4CFD2E6A2D4C2B0400A060F4;
			remoteInfo = MovieDirectory;
		};
		4CFD2E862D4C2B0500A060F4 /* PBXContainerItemProxy */ = {
			isa = PBXContainerItemProxy;
			containerPortal = 4CFD2E632D4C2B0400A060F4 /* Project object */;
			proxyType = 1;
			remoteGlobalIDString = 4CFD2E6A2D4C2B0400A060F4;
			remoteInfo = MovieDirectory;
		};
/* End PBXContainerItemProxy section */

/* Begin PBXFileReference section */
		4CFD2E6B2D4C2B0400A060F4 /* MovieDirectory.app */ = {isa = PBXFileReference; explicitFileType = wrapper.application; includeInIndex = 0; path = MovieDirectory.app; sourceTree = BUILT_PRODUCTS_DIR; };
		4CFD2E7B2D4C2B0500A060F4 /* MovieDirectoryTests.xctest */ = {isa = PBXFileReference; explicitFileType = wrapper.cfbundle; includeInIndex = 0; path = MovieDirectoryTests.xctest; sourceTree = BUILT_PRODUCTS_DIR; };
		4CFD2E852D4C2B0500A060F4 /* MovieDirectoryUITests.xctest */ = {isa = PBXFileReference; explicitFileType = wrapper.cfbundle; includeInIndex = 0; path = MovieDirectoryUITests.xctest; sourceTree = BUILT_PRODUCTS_DIR; };
/* End PBXFileReference section */

/* Begin PBXFileSystemSynchronizedBuildFileExceptionSet section */
		4C631EE92D594CEA0067174D /* Exceptions for "Tests" folder in "MovieDirectory" target */ = {
			isa = PBXFileSystemSynchronizedBuildFileExceptionSet;
			membershipExceptions = (
				UITests/MovieDirectoryUITests.swift,
				UITests/MovieDirectoryUITestsLaunchTests.swift,
				UnitTests/MovieDirectoryTests.swift,
			);
			target = 4CFD2E6A2D4C2B0400A060F4 /* MovieDirectory */;
		};
		4C631EEA2D594CEA0067174D /* Exceptions for "Tests" folder in "MovieDirectoryTests" target */ = {
			isa = PBXFileSystemSynchronizedBuildFileExceptionSet;
			membershipExceptions = (
				UnitTests/MovieDirectoryTests.swift,
			);
			target = 4CFD2E7A2D4C2B0500A060F4 /* MovieDirectoryTests */;
		};
		4C631EF02D594CED0067174D /* Exceptions for "Tests" folder in "MovieDirectoryUITests" target */ = {
			isa = PBXFileSystemSynchronizedBuildFileExceptionSet;
			membershipExceptions = (
				UITests/MovieDirectoryUITests.swift,
				UITests/MovieDirectoryUITestsLaunchTests.swift,
			);
			target = 4CFD2E842D4C2B0500A060F4 /* MovieDirectoryUITests */;
		};
/* End PBXFileSystemSynchronizedBuildFileExceptionSet section */

/* Begin PBXFileSystemSynchronizedRootGroup section */
		4C631EE52D594CCE0067174D /* Tests */ = {
			isa = PBXFileSystemSynchronizedRootGroup;
			exceptions = (
				4C631EE92D594CEA0067174D /* Exceptions for "Tests" folder in "MovieDirectory" target */,
				4C631EEA2D594CEA0067174D /* Exceptions for "Tests" folder in "MovieDirectoryTests" target */,
				4C631EF02D594CED0067174D /* Exceptions for "Tests" folder in "MovieDirectoryUITests" target */,
			);
			path = Tests;
			sourceTree = "<group>";
		};
		4C631EF72D594DA50067174D /* Assets */ = {
			isa = PBXFileSystemSynchronizedRootGroup;
			path = Assets;
			sourceTree = "<group>";
		};
		4CFD2E6D2D4C2B0400A060F4 /* Source */ = {
			isa = PBXFileSystemSynchronizedRootGroup;
			path = Source;
			sourceTree = "<group>";
		};
/* End PBXFileSystemSynchronizedRootGroup section */

/* Begin PBXFrameworksBuildPhase section */
		4CFD2E682D4C2B0400A060F4 /* Frameworks */ = {
			isa = PBXFrameworksBuildPhase;
			buildActionMask = 2147483647;
			files = (
			);
			runOnlyForDeploymentPostprocessing = 0;
		};
		4CFD2E782D4C2B0500A060F4 /* Frameworks */ = {
			isa = PBXFrameworksBuildPhase;
			buildActionMask = 2147483647;
			files = (
			);
			runOnlyForDeploymentPostprocessing = 0;
		};
		4CFD2E822D4C2B0500A060F4 /* Frameworks */ = {
			isa = PBXFrameworksBuildPhase;
			buildActionMask = 2147483647;
			files = (
			);
			runOnlyForDeploymentPostprocessing = 0;
		};
/* End PBXFrameworksBuildPhase section */

/* Begin PBXGroup section */
		4CFD2E622D4C2B0400A060F4 = {
			isa = PBXGroup;
			children = (
				4C631EF72D594DA50067174D /* Assets */,
				4C631EE52D594CCE0067174D /* Tests */,
				4CFD2E6D2D4C2B0400A060F4 /* Source */,
				4CFD2E6C2D4C2B0400A060F4 /* Products */,
			);
			sourceTree = "<group>";
		};
		4CFD2E6C2D4C2B0400A060F4 /* Products */ = {
			isa = PBXGroup;
			children = (
				4CFD2E6B2D4C2B0400A060F4 /* MovieDirectory.app */,
				4CFD2E7B2D4C2B0500A060F4 /* MovieDirectoryTests.xctest */,
				4CFD2E852D4C2B0500A060F4 /* MovieDirectoryUITests.xctest */,
			);
			name = Products;
			sourceTree = "<group>";
		};
/* End PBXGroup section */

/* Begin PBXNativeTarget section */
		4CFD2E6A2D4C2B0400A060F4 /* MovieDirectory */ = {
			isa = PBXNativeTarget;
			buildConfigurationList = 4CFD2E8F2D4C2B0500A060F4 /* Build configuration list for PBXNativeTarget "MovieDirectory" */;
			buildPhases = (
				4CFD2E672D4C2B0400A060F4 /* Sources */,
				4CFD2E682D4C2B0400A060F4 /* Frameworks */,
				4CFD2E692D4C2B0400A060F4 /* Resources */,
			);
			buildRules = (
			);
			dependencies = (
			);
			fileSystemSynchronizedGroups = (
				4C631EE52D594CCE0067174D /* Tests */,
				4C631EF72D594DA50067174D /* Assets */,
				4CFD2E6D2D4C2B0400A060F4 /* Source */,
			);
			name = MovieDirectory;
			packageProductDependencies = (
			);
			productName = MovieDirectory;
			productReference = 4CFD2E6B2D4C2B0400A060F4 /* MovieDirectory.app */;
			productType = "com.apple.product-type.application";
		};
		4CFD2E7A2D4C2B0500A060F4 /* MovieDirectoryTests */ = {
			isa = PBXNativeTarget;
			buildConfigurationList = 4CFD2E922D4C2B0500A060F4 /* Build configuration list for PBXNativeTarget "MovieDirectoryTests" */;
			buildPhases = (
				4CFD2E772D4C2B0500A060F4 /* Sources */,
				4CFD2E782D4C2B0500A060F4 /* Frameworks */,
				4CFD2E792D4C2B0500A060F4 /* Resources */,
			);
			buildRules = (
			);
			dependencies = (
				4CFD2E7D2D4C2B0500A060F4 /* PBXTargetDependency */,
			);
			name = MovieDirectoryTests;
			packageProductDependencies = (
			);
			productName = MovieDirectoryTests;
			productReference = 4CFD2E7B2D4C2B0500A060F4 /* MovieDirectoryTests.xctest */;
			productType = "com.apple.product-type.bundle.unit-test";
		};
		4CFD2E842D4C2B0500A060F4 /* MovieDirectoryUITests */ = {
			isa = PBXNativeTarget;
			buildConfigurationList = 4CFD2E952D4C2B0500A060F4 /* Build configuration list for PBXNativeTarget "MovieDirectoryUITests" */;
			buildPhases = (
				4CFD2E812D4C2B0500A060F4 /* Sources */,
				4CFD2E822D4C2B0500A060F4 /* Frameworks */,
				4CFD2E832D4C2B0500A060F4 /* Resources */,
			);
			buildRules = (
			);
			dependencies = (
				4CFD2E872D4C2B0500A060F4 /* PBXTargetDependency */,
			);
			name = MovieDirectoryUITests;
			packageProductDependencies = (
			);
			productName = MovieDirectoryUITests;
			productReference = 4CFD2E852D4C2B0500A060F4 /* MovieDirectoryUITests.xctest */;
			productType = "com.apple.product-type.bundle.ui-testing";
		};
/* End PBXNativeTarget section */

/* Begin PBXProject section */
		4CFD2E632D4C2B0400A060F4 /* Project object */ = {
			isa = PBXProject;
			attributes = {
				BuildIndependentTargetsInParallel = 1;
				LastSwiftUpdateCheck = 1620;
				LastUpgradeCheck = 1620;
				TargetAttributes = {
					4CFD2E6A2D4C2B0400A060F4 = {
						CreatedOnToolsVersion = 16.2;
					};
					4CFD2E7A2D4C2B0500A060F4 = {
						CreatedOnToolsVersion = 16.2;
						TestTargetID = 4CFD2E6A2D4C2B0400A060F4;
					};
					4CFD2E842D4C2B0500A060F4 = {
						CreatedOnToolsVersion = 16.2;
						TestTargetID = 4CFD2E6A2D4C2B0400A060F4;
					};
				};
			};
			buildConfigurationList = 4CFD2E662D4C2B0400A060F4 /* Build configuration list for PBXProject "MovieDirectory" */;
			developmentRegion = en;
			hasScannedForEncodings = 0;
			knownRegions = (
				en,
				Base,
			);
			mainGroup = 4CFD2E622D4C2B0400A060F4;
			minimizedProjectReferenceProxies = 1;
			preferredProjectObjectVersion = 77;
			productRefGroup = 4CFD2E6C2D4C2B0400A060F4 /* Products */;
			projectDirPath = "";
			projectRoot = "";
			targets = (
				4CFD2E6A2D4C2B0400A060F4 /* MovieDirectory */,
				4CFD2E7A2D4C2B0500A060F4 /* MovieDirectoryTests */,
				4CFD2E842D4C2B0500A060F4 /* MovieDirectoryUITests */,
			);
		};
/* End PBXProject section */

/* Begin PBXResourcesBuildPhase section */
		4CFD2E692D4C2B0400A060F4 /* Resources */ = {
			isa = PBXResourcesBuildPhase;
			buildActionMask = 2147483647;
			files = (
			);
			runOnlyForDeploymentPostprocessing = 0;
		};
		4CFD2E792D4C2B0500A060F4 /* Resources */ = {
			isa = PBXResourcesBuildPhase;
			buildActionMask = 2147483647;
			files = (
			);
			runOnlyForDeploymentPostprocessing = 0;
		};
		4CFD2E832D4C2B0500A060F4 /* Resources */ = {
			isa = PBXResourcesBuildPhase;
			buildActionMask = 2147483647;
			files = (
			);
			runOnlyForDeploymentPostprocessing = 0;
		};
/* End PBXResourcesBuildPhase section */

/* Begin PBXSourcesBuildPhase section */
		4CFD2E672D4C2B0400A060F4 /* Sources */ = {
			isa = PBXSourcesBuildPhase;
			buildActionMask = 2147483647;
			files = (
			);
			runOnlyForDeploymentPostprocessing = 0;
		};
		4CFD2E772D4C2B0500A060F4 /* Sources */ = {
			isa = PBXSourcesBuildPhase;
			buildActionMask = 2147483647;
			files = (
			);
			runOnlyForDeploymentPostprocessing = 0;
		};
		4CFD2E812D4C2B0500A060F4 /* Sources */ = {
			isa = PBXSourcesBuildPhase;
			buildActionMask = 2147483647;
			files = (
			);
			runOnlyForDeploymentPostprocessing = 0;
		};
/* End PBXSourcesBuildPhase section */

/* Begin PBXTargetDependency section */
		4CFD2E7D2D4C2B0500A060F4 /* PBXTargetDependency */ = {
			isa = PBXTargetDependency;
			target = 4CFD2E6A2D4C2B0400A060F4 /* MovieDirectory */;
			targetProxy = 4CFD2E7C2D4C2B0500A060F4 /* PBXContainerItemProxy */;
		};
		4CFD2E872D4C2B0500A060F4 /* PBXTargetDependency */ = {
			isa = PBXTargetDependency;
			target = 4CFD2E6A2D4C2B0400A060F4 /* MovieDirectory */;
			targetProxy = 4CFD2E862D4C2B0500A060F4 /* PBXContainerItemProxy */;
		};
/* End PBXTargetDependency section */

/* Begin XCBuildConfiguration section */
		4CFD2E8D2D4C2B0500A060F4 /* Debug */ = {
			isa = XCBuildConfiguration;
			buildSettings = {
				ALWAYS_SEARCH_USER_PATHS = NO;
				ASSETCATALOG_COMPILER_GENERATE_SWIFT_ASSET_SYMBOL_EXTENSIONS = YES;
				CLANG_ANALYZER_NONNULL = YES;
				CLANG_ANALYZER_NUMBER_OBJECT_CONVERSION = YES_AGGRESSIVE;
				CLANG_CXX_LANGUAGE_STANDARD = "gnu++20";
				CLANG_ENABLE_MODULES = YES;
				CLANG_ENABLE_OBJC_ARC = YES;
				CLANG_ENABLE_OBJC_WEAK = YES;
				CLANG_WARN_BLOCK_CAPTURE_AUTORELEASING = YES;
				CLANG_WARN_BOOL_CONVERSION = YES;
				CLANG_WARN_COMMA = YES;
				CLANG_WARN_CONSTANT_CONVERSION = YES;
				CLANG_WARN_DEPRECATED_OBJC_IMPLEMENTATIONS = YES;
				CLANG_WARN_DIRECT_OBJC_ISA_USAGE = YES_ERROR;
				CLANG_WARN_DOCUMENTATION_COMMENTS = YES;
				CLANG_WARN_EMPTY_BODY = YES;
				CLANG_WARN_ENUM_CONVERSION = YES;
				CLANG_WARN_INFINITE_RECURSION = YES;
				CLANG_WARN_INT_CONVERSION = YES;
				CLANG_WARN_NON_LITERAL_NULL_CONVERSION = YES;
				CLANG_WARN_OBJC_IMPLICIT_RETAIN_SELF = YES;
				CLANG_WARN_OBJC_LITERAL_CONVERSION = YES;
				CLANG_WARN_OBJC_ROOT_CLASS = YES_ERROR;
				CLANG_WARN_QUOTED_INCLUDE_IN_FRAMEWORK_HEADER = YES;
				CLANG_WARN_RANGE_LOOP_ANALYSIS = YES;
				CLANG_WARN_STRICT_PROTOTYPES = YES;
				CLANG_WARN_SUSPICIOUS_MOVE = YES;
				CLANG_WARN_UNGUARDED_AVAILABILITY = YES_AGGRESSIVE;
				CLANG_WARN_UNREACHABLE_CODE = YES;
				CLANG_WARN__DUPLICATE_METHOD_MATCH = YES;
				COPY_PHASE_STRIP = NO;
				DEBUG_INFORMATION_FORMAT = dwarf;
				ENABLE_STRICT_OBJC_MSGSEND = YES;
				ENABLE_TESTABILITY = YES;
				ENABLE_USER_SCRIPT_SANDBOXING = YES;
				GCC_C_LANGUAGE_STANDARD = gnu17;
				GCC_DYNAMIC_NO_PIC = NO;
				GCC_NO_COMMON_BLOCKS = YES;
				GCC_OPTIMIZATION_LEVEL = 0;
				GCC_PREPROCESSOR_DEFINITIONS = (
					"DEBUG=1",
					"$(inherited)",
				);
				GCC_WARN_64_TO_32_BIT_CONVERSION = YES;
				GCC_WARN_ABOUT_RETURN_TYPE = YES_ERROR;
				GCC_WARN_UNDECLARED_SELECTOR = YES;
				GCC_WARN_UNINITIALIZED_AUTOS = YES_AGGRESSIVE;
				GCC_WARN_UNUSED_FUNCTION = YES;
				GCC_WARN_UNUSED_VARIABLE = YES;
				IPHONEOS_DEPLOYMENT_TARGET = 18.2;
				LOCALIZATION_PREFERS_STRING_CATALOGS = YES;
				MTL_ENABLE_DEBUG_INFO = INCLUDE_SOURCE;
				MTL_FAST_MATH = YES;
				ONLY_ACTIVE_ARCH = YES;
				SDKROOT = iphoneos;
				SWIFT_ACTIVE_COMPILATION_CONDITIONS = "DEBUG $(inherited)";
				SWIFT_OPTIMIZATION_LEVEL = "-Onone";
			};
			name = Debug;
		};
		4CFD2E8E2D4C2B0500A060F4 /* Release */ = {
			isa = XCBuildConfiguration;
			buildSettings = {
				ALWAYS_SEARCH_USER_PATHS = NO;
				ASSETCATALOG_COMPILER_GENERATE_SWIFT_ASSET_SYMBOL_EXTENSIONS = YES;
				CLANG_ANALYZER_NONNULL = YES;
				CLANG_ANALYZER_NUMBER_OBJECT_CONVERSION = YES_AGGRESSIVE;
				CLANG_CXX_LANGUAGE_STANDARD = "gnu++20";
				CLANG_ENABLE_MODULES = YES;
				CLANG_ENABLE_OBJC_ARC = YES;
				CLANG_ENABLE_OBJC_WEAK = YES;
				CLANG_WARN_BLOCK_CAPTURE_AUTORELEASING = YES;
				CLANG_WARN_BOOL_CONVERSION = YES;
				CLANG_WARN_COMMA = YES;
				CLANG_WARN_CONSTANT_CONVERSION = YES;
				CLANG_WARN_DEPRECATED_OBJC_IMPLEMENTATIONS = YES;
				CLANG_WARN_DIRECT_OBJC_ISA_USAGE = YES_ERROR;
				CLANG_WARN_DOCUMENTATION_COMMENTS = YES;
				CLANG_WARN_EMPTY_BODY = YES;
				CLANG_WARN_ENUM_CONVERSION = YES;
				CLANG_WARN_INFINITE_RECURSION = YES;
				CLANG_WARN_INT_CONVERSION = YES;
				CLANG_WARN_NON_LITERAL_NULL_CONVERSION = YES;
				CLANG_WARN_OBJC_IMPLICIT_RETAIN_SELF = YES;
				CLANG_WARN_OBJC_LITERAL_CONVERSION = YES;
				CLANG_WARN_OBJC_ROOT_CLASS = YES_ERROR;
				CLANG_WARN_QUOTED_INCLUDE_IN_FRAMEWORK_HEADER = YES;
				CLANG_WARN_RANGE_LOOP_ANALYSIS = YES;
				CLANG_WARN_STRICT_PROTOTYPES = YES;
				CLANG_WARN_SUSPICIOUS_MOVE = YES;
				CLANG_WARN_UNGUARDED_AVAILABILITY = YES_AGGRESSIVE;
				CLANG_WARN_UNREACHABLE_CODE = YES;
				CLANG_WARN__DUPLICATE_METHOD_MATCH = YES;
				COPY_PHASE_STRIP = NO;
				DEBUG_INFORMATION_FORMAT = "dwarf-with-dsym";
				ENABLE_NS_ASSERTIONS = NO;
				ENABLE_STRICT_OBJC_MSGSEND = YES;
				ENABLE_USER_SCRIPT_SANDBOXING = YES;
				GCC_C_LANGUAGE_STANDARD = gnu17;
				GCC_NO_COMMON_BLOCKS = YES;
				GCC_WARN_64_TO_32_BIT_CONVERSION = YES;
				GCC_WARN_ABOUT_RETURN_TYPE = YES_ERROR;
				GCC_WARN_UNDECLARED_SELECTOR = YES;
				GCC_WARN_UNINITIALIZED_AUTOS = YES_AGGRESSIVE;
				GCC_WARN_UNUSED_FUNCTION = YES;
				GCC_WARN_UNUSED_VARIABLE = YES;
				IPHONEOS_DEPLOYMENT_TARGET = 18.2;
				LOCALIZATION_PREFERS_STRING_CATALOGS = YES;
				MTL_ENABLE_DEBUG_INFO = NO;
				MTL_FAST_MATH = YES;
				SDKROOT = iphoneos;
				SWIFT_COMPILATION_MODE = wholemodule;
				VALIDATE_PRODUCT = YES;
			};
			name = Release;
		};
		4CFD2E902D4C2B0500A060F4 /* Debug */ = {
			isa = XCBuildConfiguration;
			buildSettings = {
				ASSETCATALOG_COMPILER_APPICON_NAME = AppIcon;
				ASSETCATALOG_COMPILER_GLOBAL_ACCENT_COLOR_NAME = AccentColor;
				CODE_SIGN_STYLE = Automatic;
				CURRENT_PROJECT_VERSION = 1;
				DEVELOPMENT_ASSET_PATHS = "\"MovieDirectory/Preview Content\"";
				ENABLE_PREVIEWS = YES;
				GENERATE_INFOPLIST_FILE = YES;
				INFOPLIST_KEY_UIApplicationSceneManifest_Generation = YES;
				INFOPLIST_KEY_UIApplicationSupportsIndirectInputEvents = YES;
				INFOPLIST_KEY_UILaunchScreen_Generation = YES;
				INFOPLIST_KEY_UISupportedInterfaceOrientations_iPad = "UIInterfaceOrientationPortrait UIInterfaceOrientationPortraitUpsideDown UIInterfaceOrientationLandscapeLeft UIInterfaceOrientationLandscapeRight";
				INFOPLIST_KEY_UISupportedInterfaceOrientations_iPhone = "UIInterfaceOrientationPortrait UIInterfaceOrientationLandscapeLeft UIInterfaceOrientationLandscapeRight";
				LD_RUNPATH_SEARCH_PATHS = (
					"$(inherited)",
					"@executable_path/Frameworks",
				);
				MARKETING_VERSION = 1.0;
				PRODUCT_BUNDLE_IDENTIFIER = com.michael.MovieDirectory.MovieDirectory;
				PRODUCT_NAME = "$(TARGET_NAME)";
				SWIFT_EMIT_LOC_STRINGS = YES;
				SWIFT_VERSION = 5.0;
				TARGETED_DEVICE_FAMILY = "1,2";
			};
			name = Debug;
		};
		4CFD2E912D4C2B0500A060F4 /* Release */ = {
			isa = XCBuildConfiguration;
			buildSettings = {
				ASSETCATALOG_COMPILER_APPICON_NAME = AppIcon;
				ASSETCATALOG_COMPILER_GLOBAL_ACCENT_COLOR_NAME = AccentColor;
				CODE_SIGN_STYLE = Automatic;
				CURRENT_PROJECT_VERSION = 1;
				DEVELOPMENT_ASSET_PATHS = "\"MovieDirectory/Preview Content\"";
				ENABLE_PREVIEWS = YES;
				GENERATE_INFOPLIST_FILE = YES;
				INFOPLIST_KEY_UIApplicationSceneManifest_Generation = YES;
				INFOPLIST_KEY_UIApplicationSupportsIndirectInputEvents = YES;
				INFOPLIST_KEY_UILaunchScreen_Generation = YES;
				INFOPLIST_KEY_UISupportedInterfaceOrientations_iPad = "UIInterfaceOrientationPortrait UIInterfaceOrientationPortraitUpsideDown UIInterfaceOrientationLandscapeLeft UIInterfaceOrientationLandscapeRight";
				INFOPLIST_KEY_UISupportedInterfaceOrientations_iPhone = "UIInterfaceOrientationPortrait UIInterfaceOrientationLandscapeLeft UIInterfaceOrientationLandscapeRight";
				LD_RUNPATH_SEARCH_PATHS = (
					"$(inherited)",
					"@executable_path/Frameworks",
				);
				MARKETING_VERSION = 1.0;
				PRODUCT_BUNDLE_IDENTIFIER = com.michael.MovieDirectory.MovieDirectory;
				PRODUCT_NAME = "$(TARGET_NAME)";
				SWIFT_EMIT_LOC_STRINGS = YES;
				SWIFT_VERSION = 5.0;
				TARGETED_DEVICE_FAMILY = "1,2";
			};
			name = Release;
		};
		4CFD2E932D4C2B0500A060F4 /* Debug */ = {
			isa = XCBuildConfiguration;
			buildSettings = {
				BUNDLE_LOADER = "$(TEST_HOST)";
				CODE_SIGN_STYLE = Automatic;
				CURRENT_PROJECT_VERSION = 1;
				GENERATE_INFOPLIST_FILE = YES;
				IPHONEOS_DEPLOYMENT_TARGET = 18.2;
				MARKETING_VERSION = 1.0;
				PRODUCT_BUNDLE_IDENTIFIER = com.michael.MovieDirectory.MovieDirectoryTests;
				PRODUCT_NAME = "$(TARGET_NAME)";
				SWIFT_EMIT_LOC_STRINGS = NO;
				SWIFT_VERSION = 5.0;
				TARGETED_DEVICE_FAMILY = "1,2";
				TEST_HOST = "$(BUILT_PRODUCTS_DIR)/MovieDirectory.app/$(BUNDLE_EXECUTABLE_FOLDER_PATH)/MovieDirectory";
			};
			name = Debug;
		};
		4CFD2E942D4C2B0500A060F4 /* Release */ = {
			isa = XCBuildConfiguration;
			buildSettings = {
				BUNDLE_LOADER = "$(TEST_HOST)";
				CODE_SIGN_STYLE = Automatic;
				CURRENT_PROJECT_VERSION = 1;
				GENERATE_INFOPLIST_FILE = YES;
				IPHONEOS_DEPLOYMENT_TARGET = 18.2;
				MARKETING_VERSION = 1.0;
				PRODUCT_BUNDLE_IDENTIFIER = com.michael.MovieDirectory.MovieDirectoryTests;
				PRODUCT_NAME = "$(TARGET_NAME)";
				SWIFT_EMIT_LOC_STRINGS = NO;
				SWIFT_VERSION = 5.0;
				TARGETED_DEVICE_FAMILY = "1,2";
				TEST_HOST = "$(BUILT_PRODUCTS_DIR)/MovieDirectory.app/$(BUNDLE_EXECUTABLE_FOLDER_PATH)/MovieDirectory";
			};
			name = Release;
		};
		4CFD2E962D4C2B0500A060F4 /* Debug */ = {
			isa = XCBuildConfiguration;
			buildSettings = {
				CODE_SIGN_STYLE = Automatic;
				CURRENT_PROJECT_VERSION = 1;
				GENERATE_INFOPLIST_FILE = YES;
				MARKETING_VERSION = 1.0;
				PRODUCT_BUNDLE_IDENTIFIER = com.michael.MovieDirectory.MovieDirectoryUITests;
				PRODUCT_NAME = "$(TARGET_NAME)";
				SWIFT_EMIT_LOC_STRINGS = NO;
				SWIFT_VERSION = 5.0;
				TARGETED_DEVICE_FAMILY = "1,2";
				TEST_TARGET_NAME = MovieDirectory;
			};
			name = Debug;
		};
		4CFD2E972D4C2B0500A060F4 /* Release */ = {
			isa = XCBuildConfiguration;
			buildSettings = {
				CODE_SIGN_STYLE = Automatic;
				CURRENT_PROJECT_VERSION = 1;
				GENERATE_INFOPLIST_FILE = YES;
				MARKETING_VERSION = 1.0;
				PRODUCT_BUNDLE_IDENTIFIER = com.michael.MovieDirectory.MovieDirectoryUITests;
				PRODUCT_NAME = "$(TARGET_NAME)";
				SWIFT_EMIT_LOC_STRINGS = NO;
				SWIFT_VERSION = 5.0;
				TARGETED_DEVICE_FAMILY = "1,2";
				TEST_TARGET_NAME = MovieDirectory;
			};
			name = Release;
		};
/* End XCBuildConfiguration section */

/* Begin XCConfigurationList section */
		4CFD2E662D4C2B0400A060F4 /* Build configuration list for PBXProject "MovieDirectory" */ = {
			isa = XCConfigurationList;
			buildConfigurations = (
				4CFD2E8D2D4C2B0500A060F4 /* Debug */,
				4CFD2E8E2D4C2B0500A060F4 /* Release */,
			);
			defaultConfigurationIsVisible = 0;
			defaultConfigurationName = Release;
		};
		4CFD2E8F2D4C2B0500A060F4 /* Build configuration list for PBXNativeTarget "MovieDirectory" */ = {
			isa = XCConfigurationList;
			buildConfigurations = (
				4CFD2E902D4C2B0500A060F4 /* Debug */,
				4CFD2E912D4C2B0500A060F4 /* Release */,
			);
			defaultConfigurationIsVisible = 0;
			defaultConfigurationName = Release;
		};
		4CFD2E922D4C2B0500A060F4 /* Build configuration list for PBXNativeTarget "MovieDirectoryTests" */ = {
			isa = XCConfigurationList;
			buildConfigurations = (
				4CFD2E932D4C2B0500A060F4 /* Debug */,
				4CFD2E942D4C2B0500A060F4 /* Release */,
			);
			defaultConfigurationIsVisible = 0;
			defaultConfigurationName = Release;
		};
		4CFD2E952D4C2B0500A060F4 /* Build configuration list for PBXNativeTarget "MovieDirectoryUITests" */ = {
			isa = XCConfigurationList;
			buildConfigurations = (
				4CFD2E962D4C2B0500A060F4 /* Debug */,
				4CFD2E972D4C2B0500A060F4 /* Release */,
			);
			defaultConfigurationIsVisible = 0;
			defaultConfigurationName = Release;
		};
/* End XCConfigurationList section */
	};
	rootObject = 4CFD2E632D4C2B0400A060F4 /* Project object */;
}
